
Microsoft Visual Studio Solution File, Format Version 12.00
# Visual Studio Version 16
VisualStudioVersion = 16.0.29613.14
MinimumVisualStudioVersion = 10.0.40219.1
Project("{FAE04EC0-301F-11D3-BF4B-00C04F79EFBC}") = "RapdosCKD_ExportExcel", "RapdosCKD_ExportExcel\RapdosCKD_ExportExcel.csproj", "{4DC642BB-8815-42B4-B038-A5A02D310816}"
EndProject
Global
	GlobalSection(SolutionConfigurationPlatforms) = preSolution
		Debug|Any CPU = Debug|Any CPU
		Release|Any CPU = Release|Any CPU
	EndGlobalSection
	GlobalSection(ProjectConfigurationPlatforms) = postSolution
		{4DC642BB-8815-42B4-B038-A5A02D310816}.Debug|Any CPU.ActiveCfg = Debug|Any CPU
		{4DC642BB-8815-42B4-B038-A5A02D310816}.Debug|Any CPU.Build.0 = Debug|Any CPU
		{4DC642BB-8815-42B4-B038-A5A02D310816}.Release|Any CPU.ActiveCfg = Release|Any CPU
		{4DC642BB-8815-42B4-B038-A5A02D310816}.Release|Any CPU.Build.0 = Release|Any CPU
	EndGlobalSection
	GlobalSection(SolutionProperties) = preSolution
		HideSolutionNode = FALSE
	EndGlobalSection
	GlobalSection(ExtensibilityGlobals) = postSolution
		SolutionGuid = {4866F894-C3F2-43FD-B47D-9956FBDF0911}
	EndGlobalSection
EndGlobal
